{
  "nodes": {
    "nixpkgs": {
      "locked": {
        "lastModified": 1780747962,
        "narHash": "sha256-IX7G1dlKrOqPOImfbo7ADDfV5yU1+j+MRChI3TL4tAA=",
        "owner": "NixOS",
        "repo": "nixpkgs",
        "rev": "cbb5cf358f50aa6acc9efd6113b7bcfbc352cd73",
        "type": "github"
      },
      "original": {
        "owner": "NixOS",
        "ref": "nixpkgs-unstable",
        "repo": "nixpkgs",
        "type": "github"
      }
    },
    "root": {
      "inputs": {
        "nixpkgs": "nixpkgs",
        "zed-editor": "zed-editor"
      }
    },
    "zed-editor": {
      "inputs": {
        "nixpkgs": [
          "nixpkgs"
        ]
      },
      "locked": {
        "dir": "flakes/zed-editor",
        "lastModified": 1763486553,
        "narHash": "sha256-1bmlyqpTEDC+Bpu7n47vaoSThSggMbgBaJ/mvbrdttI=",
        "owner": "CalamooseLabs",
        "repo": "antlers",
        "rev": "db8969c971163c8437a0a9309c9495439a00f548",
        "type": "github"
      },
      "original": {
        "dir": "flakes/zed-editor",
        "owner": "CalamooseLabs",
        "ref": "flakes.zed-editor",
        "repo": "antlers",
        "type": "github"
      }
    }
  },
  "root": "root",
  "version": 7
}
